
Microsoft Visual Studio Solution File, Format Version 12.00
# Visual Studio Version 16
VisualStudioVersion = 16.0.808.4
MinimumVisualStudioVersion = 10.0.40219.1
Project("{FAE04EC0-301F-11D3-BF4B-00C04F79EFBC}") = "ProductsQR", "ProductsQR\ProductsQR.csproj", "{661DA3CC-9D58-4B35-8D7C-ECA0071BEE82}"
EndProject
Global
	GlobalSection(SolutionConfigurationPlatforms) = preSolution
		Debug|Any CPU = Debug|Any CPU
		Release|Any CPU = Release|Any CPU
	EndGlobalSection
	GlobalSection(ProjectConfigurationPlatforms) = postSolution
		{661DA3CC-9D58-4B35-8D7C-ECA0071BEE82}.Debug|Any CPU.ActiveCfg = Debug|Any CPU
		{661DA3CC-9D58-4B35-8D7C-ECA0071BEE82}.Debug|Any CPU.Build.0 = Debug|Any CPU
		{661DA3CC-9D58-4B35-8D7C-ECA0071BEE82}.Release|Any CPU.ActiveCfg = Release|Any CPU
		{661DA3CC-9D58-4B35-8D7C-ECA0071BEE82}.Release|Any CPU.Build.0 = Release|Any CPU
	EndGlobalSection
	GlobalSection(SolutionProperties) = preSolution
		HideSolutionNode = FALSE
	EndGlobalSection
	GlobalSection(ExtensibilityGlobals) = postSolution
		SolutionGuid = {D03DD3A5-CD34-4E72-913D-839B83D8A103}
	EndGlobalSection
EndGlobal
